
Microsoft Visual Studio Solution File, Format Version 12.00
# Visual Studio 15
VisualStudioVersion = 15.0.26403.7
MinimumVisualStudioVersion = 10.0.40219.1
Project("{FAE04EC0-301F-11D3-BF4B-00C04F79EFBC}") = "WebProgramiranjeASP", "WebProgramiranjeASP\WebProgramiranjeASP.csproj", "{02A5AAA2-9140-4A06-AC8C-EE0FB8B3963A}"
EndProject
Global
	GlobalSection(SolutionConfigurationPlatforms) = preSolution
		Debug|Any CPU = Debug|Any CPU
		Release|Any CPU = Release|Any CPU
	EndGlobalSection
	GlobalSection(ProjectConfigurationPlatforms) = postSolution
		{02A5AAA2-9140-4A06-AC8C-EE0FB8B3963A}.Debug|Any CPU.ActiveCfg = Debug|Any CPU
		{02A5AAA2-9140-4A06-AC8C-EE0FB8B3963A}.Debug|Any CPU.Build.0 = Debug|Any CPU
		{02A5AAA2-9140-4A06-AC8C-EE0FB8B3963A}.Release|Any CPU.ActiveCfg = Release|Any CPU
		{02A5AAA2-9140-4A06-AC8C-EE0FB8B3963A}.Release|Any CPU.Build.0 = Release|Any CPU
	EndGlobalSection
	GlobalSection(SolutionProperties) = preSolution
		HideSolutionNode = FALSE
	EndGlobalSection
EndGlobal
